
Microsoft Visual Studio Solution File, Format Version 12.00
# Visual Studio Version 17
VisualStudioVersion = 17.12.35707.178
MinimumVisualStudioVersion = 10.0.40219.1
Project("{FAE04EC0-301F-11D3-BF4B-00C04F79EFBC}") = "ASP.NET Thuresday TASK", "ASP.NET Thuresday TASK\ASP.NET Thuresday TASK.csproj", "{65011635-4D13-4E7C-A8D8-C51502D78E1B}"
EndProject
Project("{FAE04EC0-301F-11D3-BF4B-00C04F79EFBC}") = "Task 1", "Task 1\Task 1.csproj", "{1713C431-3490-41DC-9F4A-2CCF467756F0}"
EndProject
Project("{FAE04EC0-301F-11D3-BF4B-00C04F79EFBC}") = "Task 2", "Task 2\Task 2.csproj", "{6044ECFE-1709-49B8-BE5C-62A5C0572BFE}"
EndProject
Project("{FAE04EC0-301F-11D3-BF4B-00C04F79EFBC}") = "Session_Task", "Session_Task\Session_Task.csproj", "{3E0DEEBA-22B2-495C-8E26-57C3135A6987}"
EndProject
Global
	GlobalSection(SolutionConfigurationPlatforms) = preSolution
		Debug|Any CPU = Debug|Any CPU
		Release|Any CPU = Release|Any CPU
	EndGlobalSection
	GlobalSection(ProjectConfigurationPlatforms) = postSolution
		{65011635-4D13-4E7C-A8D8-C51502D78E1B}.Debug|Any CPU.ActiveCfg = Debug|Any CPU
		{65011635-4D13-4E7C-A8D8-C51502D78E1B}.Debug|Any CPU.Build.0 = Debug|Any CPU
		{65011635-4D13-4E7C-A8D8-C51502D78E1B}.Release|Any CPU.ActiveCfg = Release|Any CPU
		{65011635-4D13-4E7C-A8D8-C51502D78E1B}.Release|Any CPU.Build.0 = Release|Any CPU
		{1713C431-3490-41DC-9F4A-2CCF467756F0}.Debug|Any CPU.ActiveCfg = Debug|Any CPU
		{1713C431-3490-41DC-9F4A-2CCF467756F0}.Debug|Any CPU.Build.0 = Debug|Any CPU
		{1713C431-3490-41DC-9F4A-2CCF467756F0}.Release|Any CPU.ActiveCfg = Release|Any CPU
		{1713C431-3490-41DC-9F4A-2CCF467756F0}.Release|Any CPU.Build.0 = Release|Any CPU
		{6044ECFE-1709-49B8-BE5C-62A5C0572BFE}.Debug|Any CPU.ActiveCfg = Debug|Any CPU
		{6044ECFE-1709-49B8-BE5C-62A5C0572BFE}.Debug|Any CPU.Build.0 = Debug|Any CPU
		{6044ECFE-1709-49B8-BE5C-62A5C0572BFE}.Release|Any CPU.ActiveCfg = Release|Any CPU
		{6044ECFE-1709-49B8-BE5C-62A5C0572BFE}.Release|Any CPU.Build.0 = Release|Any CPU
		{3E0DEEBA-22B2-495C-8E26-57C3135A6987}.Debug|Any CPU.ActiveCfg = Debug|Any CPU
		{3E0DEEBA-22B2-495C-8E26-57C3135A6987}.Debug|Any CPU.Build.0 = Debug|Any CPU
		{3E0DEEBA-22B2-495C-8E26-57C3135A6987}.Release|Any CPU.ActiveCfg = Release|Any CPU
		{3E0DEEBA-22B2-495C-8E26-57C3135A6987}.Release|Any CPU.Build.0 = Release|Any CPU
	EndGlobalSection
	GlobalSection(SolutionProperties) = preSolution
		HideSolutionNode = FALSE
	EndGlobalSection
EndGlobal
